
Microsoft Visual Studio Solution File, Format Version 12.00
# Visual Studio Version 17
VisualStudioVersion = 17.2.32630.192
MinimumVisualStudioVersion = 10.0.40219.1
Project("{FAE04EC0-301F-11D3-BF4B-00C04F79EFBC}") = "WebParamTests", "WebParamTests.csproj", "{75941EA4-48DC-41BB-B1C7-78BC704096EC}"
EndProject
Global
	GlobalSection(SolutionConfigurationPlatforms) = preSolution
		Debug|Any CPU = Debug|Any CPU
		Release|Any CPU = Release|Any CPU
	EndGlobalSection
	GlobalSection(ProjectConfigurationPlatforms) = postSolution
		{75941EA4-48DC-41BB-B1C7-78BC704096EC}.Debug|Any CPU.ActiveCfg = Debug|Any CPU
		{75941EA4-48DC-41BB-B1C7-78BC704096EC}.Debug|Any CPU.Build.0 = Debug|Any CPU
		{75941EA4-48DC-41BB-B1C7-78BC704096EC}.Release|Any CPU.ActiveCfg = Release|Any CPU
		{75941EA4-48DC-41BB-B1C7-78BC704096EC}.Release|Any CPU.Build.0 = Release|Any CPU
	EndGlobalSection
	GlobalSection(SolutionProperties) = preSolution
		HideSolutionNode = FALSE
	EndGlobalSection
	GlobalSection(ExtensibilityGlobals) = postSolution
		SolutionGuid = {AE71179D-B0E2-42F7-9823-7CB756F5B3D7}
	EndGlobalSection
EndGlobal
